{
  "version": 4,
  "terraform_version": "1.9.8",
  "serial": 104,
  "lineage": "197b4dea-3a71-47ff-8f2c-842eaed892db",
  "outputs": {},
  "resources": [
    {
      "module": "module.api_gateway",
      "mode": "managed",
      "type": "aws_apigatewayv2_api",
      "name": "main",
      "provider": "provider[\"registry.terraform.io/hashicorp/aws\"]",
      "instances": [
        {
          "schema_version": 0,
          "attributes": {
            "api_endpoint": "wss://yv4fspz74h.execute-api.us-east-1.amazonaws.com",
            "api_key_selection_expression": "$request.header.x-api-key",
            "arn": "arn:aws:apigateway:us-east-1::/apis/yv4fspz74h",
            "body": null,
            "cors_configuration": [],
            "credentials_arn": null,
            "description": "api-celeste-cb-dev API Gateway",
            "disable_execute_api_endpoint": false,
            "execution_arn": "arn:aws:execute-api:us-east-1:233925838033:yv4fspz74h",
            "fail_on_warnings": null,
            "id": "yv4fspz74h",
            "name": "api-celeste-cb-dev",
            "protocol_type": "WEBSOCKET",
            "route_key": null,
            "route_selection_expression": "$request.body.action",
            "tags": null,
            "tags_all": {
              "iac": "terraform"
            },
            "target": null,
            "version": ""
          },
          "sensitive_attributes": [],
          "private": "bnVsbA=="
        }
      ]
    },
    {
      "module": "module.api_gateway",
      "mode": "managed",
      "type": "aws_apigatewayv2_stage",
      "name": "dev",
      "provider": "provider[\"registry.terraform.io/hashicorp/aws\"]",
      "instances": [
        {
          "schema_version": 0,
          "attributes": {
            "access_log_settings": [],
            "api_id": "yv4fspz74h",
            "arn": "arn:aws:apigateway:us-east-1::/apis/yv4fspz74h/stages/dev",
            "auto_deploy": true,
            "client_certificate_id": "",
            "default_route_settings": [
              {
                "data_trace_enabled": false,
                "detailed_metrics_enabled": false,
                "logging_level": "OFF",
                "throttling_burst_limit": 50,
                "throttling_rate_limit": 100
              }
            ],
            "deployment_id": "",
            "description": "",
            "execution_arn": "arn:aws:execute-api:us-east-1:233925838033:yv4fspz74h/dev",
            "id": "dev",
            "invoke_url": "wss://yv4fspz74h.execute-api.us-east-1.amazonaws.com/dev",
            "name": "dev",
            "route_settings": [],
            "stage_variables": null,
            "tags": null,
            "tags_all": {
              "iac": "terraform"
            }
          },
          "sensitive_attributes": [],
          "private": "bnVsbA==",
          "dependencies": [
            "module.api_gateway.aws_apigatewayv2_api.main"
          ]
        }
      ]
    },
    {
      "module": "module.api_gateway_resources_celeste_cb",
      "mode": "data",
      "type": "archive_file",
      "name": "lambda_package",
      "provider": "provider[\"registry.terraform.io/hashicorp/archive\"]",
      "instances": [
        {
          "schema_version": 0,
          "attributes": {
            "exclude_symlink_directories": null,
            "excludes": null,
            "id": "cbae384d3861f5cd13a0277d5b162f01efd9e3da",
            "output_base64sha256": "Tgvz3WuGLz/BOCIKmSRr1Kwh7OimaNsREnLzJW9uZ1Q=",
            "output_base64sha512": "+NcT7ltX0WkpsRwTgjanqSzPeA9jmHglGhdnJkd9AvLt5YkSeyMA+7pXiX5PXIcPY9aauScMvZzcVRKHMsImLg==",
            "output_file_mode": null,
            "output_md5": "5c71f69eee422f39fba288968697f826",
            "output_path": "./resources/core/celeste-cb/index.zip",
            "output_sha": "cbae384d3861f5cd13a0277d5b162f01efd9e3da",
            "output_sha256": "4e0bf3dd6b862f3fc138220a99246bd4ac21ece8a668db111272f3256f6e6754",
            "output_sha512": "f8d713ee5b57d16929b11c138236a7a92ccf780f639878251a176726477d02f2ede589127b2300fbba57897e4f5c870f63d69ab9270cbd9cdc55128732c2262e",
            "output_size": 340336031,
            "source": [],
            "source_content": null,
            "source_content_filename": null,
            "source_dir": "./lambdas/core/celeste-cb",
            "source_file": null,
            "type": "zip"
          },
          "sensitive_attributes": []
        }
      ]
    },
    {
      "module": "module.api_gateway_resources_celeste_cb",
      "mode": "data",
      "type": "aws_apigatewayv2_api",
      "name": "selected",
      "provider": "provider[\"registry.terraform.io/hashicorp/aws\"]",
      "instances": [
        {
          "schema_version": 0,
          "attributes": {
            "api_endpoint": "wss://yv4fspz74h.execute-api.us-east-1.amazonaws.com",
            "api_id": "yv4fspz74h",
            "api_key_selection_expression": "$request.header.x-api-key",
            "arn": "arn:aws:apigateway:us-east-1::/apis/yv4fspz74h",
            "cors_configuration": [],
            "description": "api-celeste-cb-dev API Gateway",
            "disable_execute_api_endpoint": false,
            "execution_arn": "arn:aws:execute-api:us-east-1:233925838033:yv4fspz74h",
            "id": "yv4fspz74h",
            "name": "api-celeste-cb-dev",
            "protocol_type": "WEBSOCKET",
            "route_selection_expression": "$request.body.action",
            "tags": {
              "iac": "terraform"
            },
            "version": ""
          },
          "sensitive_attributes": []
        }
      ]
    },
    {
      "module": "module.api_gateway_resources_celeste_cb",
      "mode": "data",
      "type": "aws_caller_identity",
      "name": "current",
      "provider": "provider[\"registry.terraform.io/hashicorp/aws\"]",
      "instances": [
        {
          "schema_version": 0,
          "attributes": {
            "account_id": "233925838033",
            "arn": "arn:aws:iam::233925838033:root",
            "id": "233925838033",
            "user_id": "233925838033"
          },
          "sensitive_attributes": []
        }
      ]
    },
    {
      "module": "module.api_gateway_resources_celeste_cb",
      "mode": "data",
      "type": "aws_iam_policy_document",
      "name": "lambda_policy_document",
      "provider": "provider[\"registry.terraform.io/hashicorp/aws\"]",
      "instances": [
        {
          "schema_version": 0,
          "attributes": {
            "id": "3414050088",
            "json": "{\n  \"Version\": \"2012-10-17\",\n  \"Statement\": [\n    {\n      \"Effect\": \"Allow\",\n      \"Action\": [\n        \"dynamodb:Scan\",\n        \"dynamodb:PutItem\",\n        \"dynamodb:GetItem\",\n        \"dynamodb:DeleteItem\"\n      ],\n      \"Resource\": [\n        \"arn:aws:dynamodb:us-east-1:233925838033:table/tbl-celeste-cb-users-dev\",\n        \"arn:aws:dynamodb:us-east-1:233925838033:table/tbl-celeste-cb-sessions-dev\"\n      ]\n    }\n  ]\n}",
            "minified_json": "{\"Version\":\"2012-10-17\",\"Statement\":[{\"Effect\":\"Allow\",\"Action\":[\"dynamodb:Scan\",\"dynamodb:PutItem\",\"dynamodb:GetItem\",\"dynamodb:DeleteItem\"],\"Resource\":[\"arn:aws:dynamodb:us-east-1:233925838033:table/tbl-celeste-cb-users-dev\",\"arn:aws:dynamodb:us-east-1:233925838033:table/tbl-celeste-cb-sessions-dev\"]}]}",
            "override_json": null,
            "override_policy_documents": null,
            "policy_id": null,
            "source_json": null,
            "source_policy_documents": null,
            "statement": [
              {
                "actions": [
                  "dynamodb:DeleteItem",
                  "dynamodb:GetItem",
                  "dynamodb:PutItem",
                  "dynamodb:Scan"
                ],
                "condition": [],
                "effect": "Allow",
                "not_actions": [],
                "not_principals": [],
                "not_resources": [],
                "principals": [],
                "resources": [
                  "arn:aws:dynamodb:us-east-1:233925838033:table/tbl-celeste-cb-sessions-dev",
                  "arn:aws:dynamodb:us-east-1:233925838033:table/tbl-celeste-cb-users-dev"
                ],
                "sid": ""
              }
            ],
            "version": "2012-10-17"
          },
          "sensitive_attributes": []
        }
      ]
    },
    {
      "module": "module.api_gateway_resources_celeste_cb",
      "mode": "data",
      "type": "aws_region",
      "name": "current",
      "provider": "provider[\"registry.terraform.io/hashicorp/aws\"]",
      "instances": [
        {
          "schema_version": 0,
          "attributes": {
            "description": "US East (N. Virginia)",
            "endpoint": "ec2.us-east-1.amazonaws.com",
            "id": "us-east-1",
            "name": "us-east-1"
          },
          "sensitive_attributes": []
        }
      ]
    },
    {
      "module": "module.api_gateway_resources_celeste_cb",
      "mode": "managed",
      "type": "aws_iam_policy",
      "name": "dynamodb_lambda_policy",
      "provider": "provider[\"registry.terraform.io/hashicorp/aws\"]",
      "instances": [
        {
          "schema_version": 0,
          "attributes": {
            "arn": "arn:aws:iam::233925838033:policy/policy-celeste-cb-ia-celeste-cb-dev",
            "attachment_count": 0,
            "description": "This policy will be used by the lambda to write get data from DynamoDB",
            "id": "arn:aws:iam::233925838033:policy/policy-celeste-cb-ia-celeste-cb-dev",
            "name": "policy-celeste-cb-ia-celeste-cb-dev",
            "name_prefix": "",
            "path": "/",
            "policy": "{\"Statement\":[{\"Action\":[\"dynamodb:Scan\",\"dynamodb:PutItem\",\"dynamodb:GetItem\",\"dynamodb:DeleteItem\"],\"Effect\":\"Allow\",\"Resource\":[\"arn:aws:dynamodb:us-east-1:233925838033:table/tbl-celeste-cb-users-dev\",\"arn:aws:dynamodb:us-east-1:233925838033:table/tbl-celeste-cb-sessions-dev\"]}],\"Version\":\"2012-10-17\"}",
            "policy_id": "ANPATM5YRATIUZGR3A2O7",
            "tags": null,
            "tags_all": {
              "iac": "terraform"
            }
          },
          "sensitive_attributes": [],
          "private": "bnVsbA==",
          "dependencies": [
            "module.api_gateway.aws_apigatewayv2_api.main",
            "module.api_gateway.aws_apigatewayv2_stage.dev",
            "module.api_gateway_resources_celeste_cb.data.aws_caller_identity.current",
            "module.api_gateway_resources_celeste_cb.data.aws_iam_policy_document.lambda_policy_document",
            "module.api_gateway_resources_celeste_cb.data.aws_region.current",
            "module.sessions_dynamodb.aws_dynamodb_table.users-dynamodb-table"
          ]
        }
      ]
    },
    {
      "module": "module.api_gateway_resources_celeste_cb",
      "mode": "managed",
      "type": "aws_iam_role",
      "name": "lambda_role",
      "provider": "provider[\"registry.terraform.io/hashicorp/aws\"]",
      "instances": [
        {
          "schema_version": 0,
          "attributes": {
            "arn": "arn:aws:iam::233925838033:role/role-celeste-cb-ia-celeste-cb-dev",
            "assume_role_policy": "{\"Statement\":[{\"Action\":\"sts:AssumeRole\",\"Effect\":\"Allow\",\"Principal\":{\"Service\":\"lambda.amazonaws.com\"}}],\"Version\":\"2012-10-17\"}",
            "create_date": "2024-12-05T19:20:07Z",
            "description": "",
            "force_detach_policies": false,
            "id": "role-celeste-cb-ia-celeste-cb-dev",
            "inline_policy": [],
            "managed_policy_arns": [],
            "max_session_duration": 3600,
            "name": "role-celeste-cb-ia-celeste-cb-dev",
            "name_prefix": "",
            "path": "/",
            "permissions_boundary": "",
            "tags": null,
            "tags_all": {
              "iac": "terraform"
            },
            "unique_id": "AROATM5YRATIWJ4GRKRN2"
          },
          "sensitive_attributes": [],
          "private": "bnVsbA==",
          "dependencies": [
            "module.api_gateway.aws_apigatewayv2_api.main",
            "module.api_gateway.aws_apigatewayv2_stage.dev",
            "module.sessions_dynamodb.aws_dynamodb_table.users-dynamodb-table"
          ]
        }
      ]
    },
    {
      "module": "module.api_gateway_resources_celeste_cb",
      "mode": "managed",
      "type": "aws_iam_role_policy_attachment",
      "name": "lambda_attachements",
      "provider": "provider[\"registry.terraform.io/hashicorp/aws\"]",
      "instances": [
        {
          "schema_version": 0,
          "attributes": {
            "id": "role-celeste-cb-ia-celeste-cb-dev-20241205192007983900000003",
            "policy_arn": "arn:aws:iam::233925838033:policy/policy-celeste-cb-ia-celeste-cb-dev",
            "role": "role-celeste-cb-ia-celeste-cb-dev"
          },
          "sensitive_attributes": [],
          "private": "bnVsbA==",
          "dependencies": [
            "module.api_gateway.aws_apigatewayv2_api.main",
            "module.api_gateway.aws_apigatewayv2_stage.dev",
            "module.api_gateway_resources_celeste_cb.aws_iam_policy.dynamodb_lambda_policy",
            "module.api_gateway_resources_celeste_cb.aws_iam_role.lambda_role",
            "module.api_gateway_resources_celeste_cb.data.aws_caller_identity.current",
            "module.api_gateway_resources_celeste_cb.data.aws_iam_policy_document.lambda_policy_document",
            "module.api_gateway_resources_celeste_cb.data.aws_region.current",
            "module.sessions_dynamodb.aws_dynamodb_table.users-dynamodb-table"
          ]
        }
      ]
    },
    {
      "module": "module.api_gateway_resources_celeste_cb",
      "mode": "managed",
      "type": "aws_iam_role_policy_attachment",
      "name": "lambda_role_policy",
      "provider": "provider[\"registry.terraform.io/hashicorp/aws\"]",
      "instances": [
        {
          "schema_version": 0,
          "attributes": {
            "id": "role-celeste-cb-ia-celeste-cb-dev-20241205192008013200000004",
            "policy_arn": "arn:aws:iam::aws:policy/service-role/AWSLambdaBasicExecutionRole",
            "role": "role-celeste-cb-ia-celeste-cb-dev"
          },
          "sensitive_attributes": [],
          "private": "bnVsbA==",
          "dependencies": [
            "module.api_gateway.aws_apigatewayv2_api.main",
            "module.api_gateway.aws_apigatewayv2_stage.dev",
            "module.api_gateway_resources_celeste_cb.aws_iam_role.lambda_role",
            "module.sessions_dynamodb.aws_dynamodb_table.users-dynamodb-table"
          ]
        }
      ]
    },
    {
      "module": "module.api_gateway_resources_celeste_cb",
      "mode": "managed",
      "type": "aws_s3_bucket",
      "name": "lambda_bucket",
      "provider": "provider[\"registry.terraform.io/hashicorp/aws\"]",
      "instances": [
        {
          "schema_version": 0,
          "attributes": {
            "acceleration_status": "",
            "acl": null,
            "arn": "arn:aws:s3:::lambda-bucket-thankfully-gladly-evident-quail",
            "bucket": "lambda-bucket-thankfully-gladly-evident-quail",
            "bucket_domain_name": "lambda-bucket-thankfully-gladly-evident-quail.s3.amazonaws.com",
            "bucket_prefix": "",
            "bucket_regional_domain_name": "lambda-bucket-thankfully-gladly-evident-quail.s3.us-east-1.amazonaws.com",
            "cors_rule": [],
            "force_destroy": false,
            "grant": [
              {
                "id": "53e12fc8796c35a82553c2745d45b9fa4da7eac872a4028fff470213bf8cce94",
                "permissions": [
                  "FULL_CONTROL"
                ],
                "type": "CanonicalUser",
                "uri": ""
              }
            ],
            "hosted_zone_id": "Z3AQBSTGFYJSTF",
            "id": "lambda-bucket-thankfully-gladly-evident-quail",
            "lifecycle_rule": [],
            "logging": [],
            "object_lock_configuration": [],
            "object_lock_enabled": false,
            "policy": "",
            "region": "us-east-1",
            "replication_configuration": [],
            "request_payer": "BucketOwner",
            "server_side_encryption_configuration": [
              {
                "rule": [
                  {
                    "apply_server_side_encryption_by_default": [
                      {
                        "kms_master_key_id": "",
                        "sse_algorithm": "AES256"
                      }
                    ],
                    "bucket_key_enabled": false
                  }
                ]
              }
            ],
            "tags": null,
            "tags_all": {
              "iac": "terraform"
            },
            "timeouts": null,
            "versioning": [
              {
                "enabled": false,
                "mfa_delete": false
              }
            ],
            "website": [],
            "website_domain": null,
            "website_endpoint": null
          },
          "sensitive_attributes": [],
          "private": "eyJlMmJmYjczMC1lY2FhLTExZTYtOGY4OC0zNDM2M2JjN2M0YzAiOnsiY3JlYXRlIjoxMjAwMDAwMDAwMDAwLCJkZWxldGUiOjM2MDAwMDAwMDAwMDAsInJlYWQiOjEyMDAwMDAwMDAwMDAsInVwZGF0ZSI6MTIwMDAwMDAwMDAwMH19",
          "dependencies": [
            "module.api_gateway.aws_apigatewayv2_api.main",
            "module.api_gateway.aws_apigatewayv2_stage.dev",
            "module.api_gateway_resources_celeste_cb.random_pet.lambda_bucket_name",
            "module.sessions_dynamodb.aws_dynamodb_table.users-dynamodb-table"
          ]
        }
      ]
    },
    {
      "module": "module.api_gateway_resources_celeste_cb",
      "mode": "managed",
      "type": "aws_s3_bucket_acl",
      "name": "lambda_bucket_acl",
      "provider": "provider[\"registry.terraform.io/hashicorp/aws\"]",
      "instances": [
        {
          "schema_version": 0,
          "attributes": {
            "access_control_policy": [
              {
                "grant": [
                  {
                    "grantee": [
                      {
                        "display_name": "josmejia.2401",
                        "email_address": "",
                        "id": "53e12fc8796c35a82553c2745d45b9fa4da7eac872a4028fff470213bf8cce94",
                        "type": "CanonicalUser",
                        "uri": ""
                      }
                    ],
                    "permission": "FULL_CONTROL"
                  }
                ],
                "owner": [
                  {
                    "display_name": "josmejia.2401",
                    "id": "53e12fc8796c35a82553c2745d45b9fa4da7eac872a4028fff470213bf8cce94"
                  }
                ]
              }
            ],
            "acl": "private",
            "bucket": "lambda-bucket-thankfully-gladly-evident-quail",
            "expected_bucket_owner": "",
            "id": "lambda-bucket-thankfully-gladly-evident-quail,private"
          },
          "sensitive_attributes": [],
          "private": "bnVsbA==",
          "dependencies": [
            "module.api_gateway.aws_apigatewayv2_api.main",
            "module.api_gateway.aws_apigatewayv2_stage.dev",
            "module.api_gateway_resources_celeste_cb.aws_s3_bucket.lambda_bucket",
            "module.api_gateway_resources_celeste_cb.aws_s3_bucket_ownership_controls.lambda_bucket_ownership_controls",
            "module.api_gateway_resources_celeste_cb.random_pet.lambda_bucket_name",
            "module.sessions_dynamodb.aws_dynamodb_table.users-dynamodb-table"
          ]
        }
      ]
    },
    {
      "module": "module.api_gateway_resources_celeste_cb",
      "mode": "managed",
      "type": "aws_s3_bucket_ownership_controls",
      "name": "lambda_bucket_ownership_controls",
      "provider": "provider[\"registry.terraform.io/hashicorp/aws\"]",
      "instances": [
        {
          "schema_version": 0,
          "attributes": {
            "bucket": "lambda-bucket-thankfully-gladly-evident-quail",
            "id": "lambda-bucket-thankfully-gladly-evident-quail",
            "rule": [
              {
                "object_ownership": "BucketOwnerPreferred"
              }
            ]
          },
          "sensitive_attributes": [],
          "private": "bnVsbA==",
          "dependencies": [
            "module.api_gateway.aws_apigatewayv2_api.main",
            "module.api_gateway.aws_apigatewayv2_stage.dev",
            "module.api_gateway_resources_celeste_cb.aws_s3_bucket.lambda_bucket",
            "module.api_gateway_resources_celeste_cb.random_pet.lambda_bucket_name",
            "module.sessions_dynamodb.aws_dynamodb_table.users-dynamodb-table"
          ]
        }
      ]
    },
    {
      "module": "module.api_gateway_resources_celeste_cb",
      "mode": "managed",
      "type": "aws_s3_object",
      "name": "lambda_handler_bucket_object",
      "provider": "provider[\"registry.terraform.io/hashicorp/aws\"]",
      "instances": [
        {
          "schema_version": 0,
          "attributes": {
            "acl": null,
            "arn": "arn:aws:s3:::lambda-bucket-thankfully-gladly-evident-quail/handler.zip",
            "bucket": "lambda-bucket-thankfully-gladly-evident-quail",
            "bucket_key_enabled": false,
            "cache_control": "",
            "checksum_algorithm": null,
            "checksum_crc32": "",
            "checksum_crc32c": "",
            "checksum_sha1": "",
            "checksum_sha256": "",
            "content": null,
            "content_base64": null,
            "content_disposition": "",
            "content_encoding": "",
            "content_language": "",
            "content_type": "binary/octet-stream",
            "etag": "112a9aab708edd8550732409da37a0ca-65",
            "force_destroy": false,
            "id": "handler.zip",
            "key": "handler.zip",
            "kms_key_id": null,
            "metadata": null,
            "object_lock_legal_hold_status": "",
            "object_lock_mode": "",
            "object_lock_retain_until_date": "",
            "override_provider": [],
            "server_side_encryption": "AES256",
            "source": "./resources/core/celeste-cb/index.zip",
            "source_hash": null,
            "storage_class": "STANDARD",
            "tags": null,
            "tags_all": {
              "iac": "terraform"
            },
            "version_id": "",
            "website_redirect": ""
          },
          "sensitive_attributes": [],
          "private": "bnVsbA==",
          "dependencies": [
            "module.api_gateway.aws_apigatewayv2_api.main",
            "module.api_gateway.aws_apigatewayv2_stage.dev",
            "module.api_gateway_resources_celeste_cb.aws_s3_bucket.lambda_bucket",
            "module.api_gateway_resources_celeste_cb.data.archive_file.lambda_package",
            "module.api_gateway_resources_celeste_cb.random_pet.lambda_bucket_name",
            "module.sessions_dynamodb.aws_dynamodb_table.users-dynamodb-table"
          ]
        }
      ]
    },
    {
      "module": "module.api_gateway_resources_celeste_cb",
      "mode": "managed",
      "type": "random_pet",
      "name": "lambda_bucket_name",
      "provider": "provider[\"registry.terraform.io/hashicorp/random\"]",
      "instances": [
        {
          "schema_version": 0,
          "attributes": {
            "id": "lambda-bucket-thankfully-gladly-evident-quail",
            "keepers": null,
            "length": 4,
            "prefix": "lambda-bucket",
            "separator": "-"
          },
          "sensitive_attributes": [],
          "dependencies": [
            "module.api_gateway.aws_apigatewayv2_api.main",
            "module.api_gateway.aws_apigatewayv2_stage.dev",
            "module.sessions_dynamodb.aws_dynamodb_table.users-dynamodb-table"
          ]
        }
      ]
    },
    {
      "module": "module.api_gateway_resources_real_time",
      "mode": "data",
      "type": "archive_file",
      "name": "lambda_package",
      "provider": "provider[\"registry.terraform.io/hashicorp/archive\"]",
      "instances": [
        {
          "schema_version": 0,
          "attributes": {
            "exclude_symlink_directories": null,
            "excludes": null,
            "id": "50b979b4b831fe6c4af12ebe2e82ecf763e66b10",
            "output_base64sha256": "OtivAzsD9AaB03qP0y8Ei8aVQrnV6TEvmt0lp6dKVAs=",
            "output_base64sha512": "3bt6jwtsjgHasLvRKfKGh4qXYctxFECi8AF8zTcfRbjt8rxylf3ryGhJDrBuc9GD36HxvXLXlhyJsaS4MWykgA==",
            "output_file_mode": null,
            "output_md5": "e6e26d52e3a90e166d0a10994161c8b7",
            "output_path": "./resources/core/real-time/index.zip",
            "output_sha": "50b979b4b831fe6c4af12ebe2e82ecf763e66b10",
            "output_sha256": "3ad8af033b03f40681d37a8fd32f048bc69542b9d5e9312f9add25a7a74a540b",
            "output_sha512": "ddbb7a8f0b6c8e01dab0bbd129f286878a9761cb711440a2f0017ccd371f45b8edf2bc7295fdebc868490eb06e73d183dfa1f1bd72d7961c89b1a4b8316ca480",
            "output_size": 12668,
            "source": [],
            "source_content": null,
            "source_content_filename": null,
            "source_dir": "./lambdas/core/real-time",
            "source_file": null,
            "type": "zip"
          },
          "sensitive_attributes": []
        }
      ]
    },
    {
      "module": "module.api_gateway_resources_real_time",
      "mode": "data",
      "type": "aws_apigatewayv2_api",
      "name": "selected",
      "provider": "provider[\"registry.terraform.io/hashicorp/aws\"]",
      "instances": [
        {
          "schema_version": 0,
          "attributes": {
            "api_endpoint": "wss://yv4fspz74h.execute-api.us-east-1.amazonaws.com",
            "api_id": "yv4fspz74h",
            "api_key_selection_expression": "$request.header.x-api-key",
            "arn": "arn:aws:apigateway:us-east-1::/apis/yv4fspz74h",
            "cors_configuration": [],
            "description": "api-celeste-cb-dev API Gateway",
            "disable_execute_api_endpoint": false,
            "execution_arn": "arn:aws:execute-api:us-east-1:233925838033:yv4fspz74h",
            "id": "yv4fspz74h",
            "name": "api-celeste-cb-dev",
            "protocol_type": "WEBSOCKET",
            "route_selection_expression": "$request.body.action",
            "tags": {
              "iac": "terraform"
            },
            "version": ""
          },
          "sensitive_attributes": []
        }
      ]
    },
    {
      "module": "module.api_gateway_resources_real_time",
      "mode": "data",
      "type": "aws_caller_identity",
      "name": "current",
      "provider": "provider[\"registry.terraform.io/hashicorp/aws\"]",
      "instances": [
        {
          "schema_version": 0,
          "attributes": {
            "account_id": "233925838033",
            "arn": "arn:aws:iam::233925838033:root",
            "id": "233925838033",
            "user_id": "233925838033"
          },
          "sensitive_attributes": []
        }
      ]
    },
    {
      "module": "module.api_gateway_resources_real_time",
      "mode": "data",
      "type": "aws_iam_policy_document",
      "name": "lambda_policy_document",
      "provider": "provider[\"registry.terraform.io/hashicorp/aws\"]",
      "instances": [
        {
          "schema_version": 0,
          "attributes": {
            "id": "3414050088",
            "json": "{\n  \"Version\": \"2012-10-17\",\n  \"Statement\": [\n    {\n      \"Effect\": \"Allow\",\n      \"Action\": [\n        \"dynamodb:Scan\",\n        \"dynamodb:PutItem\",\n        \"dynamodb:GetItem\",\n        \"dynamodb:DeleteItem\"\n      ],\n      \"Resource\": [\n        \"arn:aws:dynamodb:us-east-1:233925838033:table/tbl-celeste-cb-users-dev\",\n        \"arn:aws:dynamodb:us-east-1:233925838033:table/tbl-celeste-cb-sessions-dev\"\n      ]\n    }\n  ]\n}",
            "minified_json": "{\"Version\":\"2012-10-17\",\"Statement\":[{\"Effect\":\"Allow\",\"Action\":[\"dynamodb:Scan\",\"dynamodb:PutItem\",\"dynamodb:GetItem\",\"dynamodb:DeleteItem\"],\"Resource\":[\"arn:aws:dynamodb:us-east-1:233925838033:table/tbl-celeste-cb-users-dev\",\"arn:aws:dynamodb:us-east-1:233925838033:table/tbl-celeste-cb-sessions-dev\"]}]}",
            "override_json": null,
            "override_policy_documents": null,
            "policy_id": null,
            "source_json": null,
            "source_policy_documents": null,
            "statement": [
              {
                "actions": [
                  "dynamodb:DeleteItem",
                  "dynamodb:GetItem",
                  "dynamodb:PutItem",
                  "dynamodb:Scan"
                ],
                "condition": [],
                "effect": "Allow",
                "not_actions": [],
                "not_principals": [],
                "not_resources": [],
                "principals": [],
                "resources": [
                  "arn:aws:dynamodb:us-east-1:233925838033:table/tbl-celeste-cb-sessions-dev",
                  "arn:aws:dynamodb:us-east-1:233925838033:table/tbl-celeste-cb-users-dev"
                ],
                "sid": ""
              }
            ],
            "version": "2012-10-17"
          },
          "sensitive_attributes": []
        }
      ]
    },
    {
      "module": "module.api_gateway_resources_real_time",
      "mode": "data",
      "type": "aws_region",
      "name": "current",
      "provider": "provider[\"registry.terraform.io/hashicorp/aws\"]",
      "instances": [
        {
          "schema_version": 0,
          "attributes": {
            "description": "US East (N. Virginia)",
            "endpoint": "ec2.us-east-1.amazonaws.com",
            "id": "us-east-1",
            "name": "us-east-1"
          },
          "sensitive_attributes": []
        }
      ]
    },
    {
      "module": "module.api_gateway_resources_real_time",
      "mode": "managed",
      "type": "aws_apigatewayv2_integration",
      "name": "lambda_handler",
      "provider": "provider[\"registry.terraform.io/hashicorp/aws\"]",
      "instances": [
        {
          "schema_version": 0,
          "attributes": {
            "api_id": "yv4fspz74h",
            "connection_id": "",
            "connection_type": "INTERNET",
            "content_handling_strategy": "",
            "credentials_arn": "",
            "description": "",
            "id": "3idkzc7",
            "integration_method": "POST",
            "integration_response_selection_expression": "",
            "integration_subtype": "",
            "integration_type": "AWS_PROXY",
            "integration_uri": "arn:aws:apigateway:us-east-1:lambda:path/2015-03-31/functions/arn:aws:lambda:us-east-1:233925838033:function:lmb-celeste-cb-ia-create-dev/invocations",
            "passthrough_behavior": "WHEN_NO_MATCH",
            "payload_format_version": "1.0",
            "request_parameters": null,
            "request_templates": null,
            "response_parameters": [],
            "template_selection_expression": "",
            "timeout_milliseconds": 29000,
            "tls_config": []
          },
          "sensitive_attributes": [],
          "private": "bnVsbA==",
          "dependencies": [
            "module.api_gateway.aws_apigatewayv2_api.main",
            "module.api_gateway.aws_apigatewayv2_stage.dev",
            "module.api_gateway_resources_real_time.aws_iam_role.lambda_role",
            "module.api_gateway_resources_real_time.aws_lambda_function.html_lambda",
            "module.api_gateway_resources_real_time.data.archive_file.lambda_package",
            "module.api_gateway_resources_real_time.data.aws_apigatewayv2_api.selected",
            "module.sessions_dynamodb.aws_dynamodb_table.users-dynamodb-table"
          ]
        }
      ]
    },
    {
      "module": "module.api_gateway_resources_real_time",
      "mode": "managed",
      "type": "aws_apigatewayv2_route",
      "name": "ws_messenger_api_connect_route",
      "provider": "provider[\"registry.terraform.io/hashicorp/aws\"]",
      "instances": [
        {
          "schema_version": 0,
          "attributes": {
            "api_id": "yv4fspz74h",
            "api_key_required": false,
            "authorization_scopes": null,
            "authorization_type": "NONE",
            "authorizer_id": "",
            "id": "1gisdp0",
            "model_selection_expression": "",
            "operation_name": "",
            "request_models": null,
            "request_parameter": [],
            "route_key": "$connect",
            "route_response_selection_expression": "",
            "target": "integrations/3idkzc7"
          },
          "sensitive_attributes": [],
          "private": "bnVsbA==",
          "dependencies": [
            "module.api_gateway.aws_apigatewayv2_api.main",
            "module.api_gateway.aws_apigatewayv2_stage.dev",
            "module.api_gateway_resources_real_time.aws_apigatewayv2_integration.lambda_handler",
            "module.api_gateway_resources_real_time.aws_iam_role.lambda_role",
            "module.api_gateway_resources_real_time.aws_lambda_function.html_lambda",
            "module.api_gateway_resources_real_time.data.archive_file.lambda_package",
            "module.api_gateway_resources_real_time.data.aws_apigatewayv2_api.selected",
            "module.sessions_dynamodb.aws_dynamodb_table.users-dynamodb-table"
          ]
        }
      ]
    },
    {
      "module": "module.api_gateway_resources_real_time",
      "mode": "managed",
      "type": "aws_apigatewayv2_route",
      "name": "ws_messenger_api_default_route",
      "provider": "provider[\"registry.terraform.io/hashicorp/aws\"]",
      "instances": [
        {
          "schema_version": 0,
          "attributes": {
            "api_id": "yv4fspz74h",
            "api_key_required": false,
            "authorization_scopes": null,
            "authorization_type": "NONE",
            "authorizer_id": "",
            "id": "9plssso",
            "model_selection_expression": "",
            "operation_name": "",
            "request_models": null,
            "request_parameter": [],
            "route_key": "$default",
            "route_response_selection_expression": "",
            "target": "integrations/3idkzc7"
          },
          "sensitive_attributes": [],
          "private": "bnVsbA==",
          "dependencies": [
            "module.api_gateway.aws_apigatewayv2_api.main",
            "module.api_gateway.aws_apigatewayv2_stage.dev",
            "module.api_gateway_resources_real_time.aws_apigatewayv2_integration.lambda_handler",
            "module.api_gateway_resources_real_time.aws_iam_role.lambda_role",
            "module.api_gateway_resources_real_time.aws_lambda_function.html_lambda",
            "module.api_gateway_resources_real_time.data.archive_file.lambda_package",
            "module.api_gateway_resources_real_time.data.aws_apigatewayv2_api.selected",
            "module.sessions_dynamodb.aws_dynamodb_table.users-dynamodb-table"
          ]
        }
      ]
    },
    {
      "module": "module.api_gateway_resources_real_time",
      "mode": "managed",
      "type": "aws_apigatewayv2_route",
      "name": "ws_messenger_api_disconnect_route",
      "provider": "provider[\"registry.terraform.io/hashicorp/aws\"]",
      "instances": [
        {
          "schema_version": 0,
          "attributes": {
            "api_id": "yv4fspz74h",
            "api_key_required": false,
            "authorization_scopes": null,
            "authorization_type": "NONE",
            "authorizer_id": "",
            "id": "7av66yo",
            "model_selection_expression": "",
            "operation_name": "",
            "request_models": null,
            "request_parameter": [],
            "route_key": "$disconnect",
            "route_response_selection_expression": "",
            "target": "integrations/3idkzc7"
          },
          "sensitive_attributes": [],
          "private": "bnVsbA==",
          "dependencies": [
            "module.api_gateway.aws_apigatewayv2_api.main",
            "module.api_gateway.aws_apigatewayv2_stage.dev",
            "module.api_gateway_resources_real_time.aws_apigatewayv2_integration.lambda_handler",
            "module.api_gateway_resources_real_time.aws_iam_role.lambda_role",
            "module.api_gateway_resources_real_time.aws_lambda_function.html_lambda",
            "module.api_gateway_resources_real_time.data.archive_file.lambda_package",
            "module.api_gateway_resources_real_time.data.aws_apigatewayv2_api.selected",
            "module.sessions_dynamodb.aws_dynamodb_table.users-dynamodb-table"
          ]
        }
      ]
    },
    {
      "module": "module.api_gateway_resources_real_time",
      "mode": "managed",
      "type": "aws_apigatewayv2_route",
      "name": "ws_messenger_api_message_route",
      "provider": "provider[\"registry.terraform.io/hashicorp/aws\"]",
      "instances": [
        {
          "schema_version": 0,
          "attributes": {
            "api_id": "yv4fspz74h",
            "api_key_required": false,
            "authorization_scopes": null,
            "authorization_type": "NONE",
            "authorizer_id": "",
            "id": "azxs6o0",
            "model_selection_expression": "",
            "operation_name": "",
            "request_models": null,
            "request_parameter": [],
            "route_key": "message",
            "route_response_selection_expression": "",
            "target": "integrations/3idkzc7"
          },
          "sensitive_attributes": [],
          "private": "bnVsbA==",
          "dependencies": [
            "module.api_gateway.aws_apigatewayv2_api.main",
            "module.api_gateway.aws_apigatewayv2_stage.dev",
            "module.api_gateway_resources_real_time.aws_apigatewayv2_integration.lambda_handler",
            "module.api_gateway_resources_real_time.aws_iam_role.lambda_role",
            "module.api_gateway_resources_real_time.aws_lambda_function.html_lambda",
            "module.api_gateway_resources_real_time.data.archive_file.lambda_package",
            "module.api_gateway_resources_real_time.data.aws_apigatewayv2_api.selected",
            "module.sessions_dynamodb.aws_dynamodb_table.users-dynamodb-table"
          ]
        }
      ]
    },
    {
      "module": "module.api_gateway_resources_real_time",
      "mode": "managed",
      "type": "aws_apigatewayv2_route_response",
      "name": "ws_messenger_api_connect_route_response",
      "provider": "provider[\"registry.terraform.io/hashicorp/aws\"]",
      "instances": [
        {
          "schema_version": 0,
          "attributes": {
            "api_id": "yv4fspz74h",
            "id": "aix3al",
            "model_selection_expression": "",
            "response_models": null,
            "route_id": "1gisdp0",
            "route_response_key": "$default"
          },
          "sensitive_attributes": [],
          "private": "bnVsbA==",
          "dependencies": [
            "module.api_gateway.aws_apigatewayv2_api.main",
            "module.api_gateway.aws_apigatewayv2_stage.dev",
            "module.api_gateway_resources_real_time.aws_apigatewayv2_integration.lambda_handler",
            "module.api_gateway_resources_real_time.aws_apigatewayv2_route.ws_messenger_api_connect_route",
            "module.api_gateway_resources_real_time.aws_iam_role.lambda_role",
            "module.api_gateway_resources_real_time.aws_lambda_function.html_lambda",
            "module.api_gateway_resources_real_time.data.archive_file.lambda_package",
            "module.api_gateway_resources_real_time.data.aws_apigatewayv2_api.selected",
            "module.sessions_dynamodb.aws_dynamodb_table.users-dynamodb-table"
          ]
        }
      ]
    },
    {
      "module": "module.api_gateway_resources_real_time",
      "mode": "managed",
      "type": "aws_apigatewayv2_route_response",
      "name": "ws_messenger_api_default_route_response",
      "provider": "provider[\"registry.terraform.io/hashicorp/aws\"]",
      "instances": [
        {
          "schema_version": 0,
          "attributes": {
            "api_id": "yv4fspz74h",
            "id": "v3w8kh",
            "model_selection_expression": "",
            "response_models": null,
            "route_id": "9plssso",
            "route_response_key": "$default"
          },
          "sensitive_attributes": [],
          "private": "bnVsbA==",
          "dependencies": [
            "module.api_gateway.aws_apigatewayv2_api.main",
            "module.api_gateway.aws_apigatewayv2_stage.dev",
            "module.api_gateway_resources_real_time.aws_apigatewayv2_integration.lambda_handler",
            "module.api_gateway_resources_real_time.aws_apigatewayv2_route.ws_messenger_api_default_route",
            "module.api_gateway_resources_real_time.aws_iam_role.lambda_role",
            "module.api_gateway_resources_real_time.aws_lambda_function.html_lambda",
            "module.api_gateway_resources_real_time.data.archive_file.lambda_package",
            "module.api_gateway_resources_real_time.data.aws_apigatewayv2_api.selected",
            "module.sessions_dynamodb.aws_dynamodb_table.users-dynamodb-table"
          ]
        }
      ]
    },
    {
      "module": "module.api_gateway_resources_real_time",
      "mode": "managed",
      "type": "aws_apigatewayv2_route_response",
      "name": "ws_messenger_api_disconnect_route_response",
      "provider": "provider[\"registry.terraform.io/hashicorp/aws\"]",
      "instances": [
        {
          "schema_version": 0,
          "attributes": {
            "api_id": "yv4fspz74h",
            "id": "icv27a",
            "model_selection_expression": "",
            "response_models": null,
            "route_id": "7av66yo",
            "route_response_key": "$default"
          },
          "sensitive_attributes": [],
          "private": "bnVsbA==",
          "dependencies": [
            "module.api_gateway.aws_apigatewayv2_api.main",
            "module.api_gateway.aws_apigatewayv2_stage.dev",
            "module.api_gateway_resources_real_time.aws_apigatewayv2_integration.lambda_handler",
            "module.api_gateway_resources_real_time.aws_apigatewayv2_route.ws_messenger_api_disconnect_route",
            "module.api_gateway_resources_real_time.aws_iam_role.lambda_role",
            "module.api_gateway_resources_real_time.aws_lambda_function.html_lambda",
            "module.api_gateway_resources_real_time.data.archive_file.lambda_package",
            "module.api_gateway_resources_real_time.data.aws_apigatewayv2_api.selected",
            "module.sessions_dynamodb.aws_dynamodb_table.users-dynamodb-table"
          ]
        }
      ]
    },
    {
      "module": "module.api_gateway_resources_real_time",
      "mode": "managed",
      "type": "aws_apigatewayv2_route_response",
      "name": "ws_messenger_api_message_route_response",
      "provider": "provider[\"registry.terraform.io/hashicorp/aws\"]",
      "instances": [
        {
          "schema_version": 0,
          "attributes": {
            "api_id": "yv4fspz74h",
            "id": "amet0j",
            "model_selection_expression": "",
            "response_models": null,
            "route_id": "azxs6o0",
            "route_response_key": "$default"
          },
          "sensitive_attributes": [],
          "private": "bnVsbA==",
          "dependencies": [
            "module.api_gateway.aws_apigatewayv2_api.main",
            "module.api_gateway.aws_apigatewayv2_stage.dev",
            "module.api_gateway_resources_real_time.aws_apigatewayv2_integration.lambda_handler",
            "module.api_gateway_resources_real_time.aws_apigatewayv2_route.ws_messenger_api_message_route",
            "module.api_gateway_resources_real_time.aws_iam_role.lambda_role",
            "module.api_gateway_resources_real_time.aws_lambda_function.html_lambda",
            "module.api_gateway_resources_real_time.data.archive_file.lambda_package",
            "module.api_gateway_resources_real_time.data.aws_apigatewayv2_api.selected",
            "module.sessions_dynamodb.aws_dynamodb_table.users-dynamodb-table"
          ]
        }
      ]
    },
    {
      "module": "module.api_gateway_resources_real_time",
      "mode": "managed",
      "type": "aws_cloudwatch_log_group",
      "name": "html_loggroup_lambda",
      "provider": "provider[\"registry.terraform.io/hashicorp/aws\"]",
      "instances": [
        {
          "schema_version": 0,
          "attributes": {
            "arn": "arn:aws:logs:us-east-1:233925838033:log-group:/aws/lambda/lmb-celeste-cb-ia-create-dev",
            "id": "/aws/lambda/lmb-celeste-cb-ia-create-dev",
            "kms_key_id": "",
            "log_group_class": "STANDARD",
            "name": "/aws/lambda/lmb-celeste-cb-ia-create-dev",
            "name_prefix": "",
            "retention_in_days": 0,
            "skip_destroy": false,
            "tags": null,
            "tags_all": {
              "iac": "terraform"
            }
          },
          "sensitive_attributes": [],
          "private": "bnVsbA==",
          "dependencies": [
            "module.api_gateway.aws_apigatewayv2_api.main",
            "module.api_gateway.aws_apigatewayv2_stage.dev",
            "module.api_gateway_resources_real_time.aws_iam_role.lambda_role",
            "module.api_gateway_resources_real_time.aws_lambda_function.html_lambda",
            "module.api_gateway_resources_real_time.data.archive_file.lambda_package",
            "module.sessions_dynamodb.aws_dynamodb_table.users-dynamodb-table"
          ]
        }
      ]
    },
    {
      "module": "module.api_gateway_resources_real_time",
      "mode": "managed",
      "type": "aws_iam_policy",
      "name": "dynamodb_lambda_policy",
      "provider": "provider[\"registry.terraform.io/hashicorp/aws\"]",
      "instances": [
        {
          "schema_version": 0,
          "attributes": {
            "arn": "arn:aws:iam::233925838033:policy/policy-celeste-cb-ia-create-dev",
            "attachment_count": 0,
            "description": "This policy will be used by the lambda to write get data from DynamoDB",
            "id": "arn:aws:iam::233925838033:policy/policy-celeste-cb-ia-create-dev",
            "name": "policy-celeste-cb-ia-create-dev",
            "name_prefix": "",
            "path": "/",
            "policy": "{\"Statement\":[{\"Action\":[\"dynamodb:Scan\",\"dynamodb:PutItem\",\"dynamodb:GetItem\",\"dynamodb:DeleteItem\"],\"Effect\":\"Allow\",\"Resource\":[\"arn:aws:dynamodb:us-east-1:233925838033:table/tbl-celeste-cb-users-dev\",\"arn:aws:dynamodb:us-east-1:233925838033:table/tbl-celeste-cb-sessions-dev\"]}],\"Version\":\"2012-10-17\"}",
            "policy_id": "ANPATM5YRATI7IZS6PI2L",
            "tags": null,
            "tags_all": {
              "iac": "terraform"
            }
          },
          "sensitive_attributes": [],
          "private": "bnVsbA==",
          "dependencies": [
            "module.api_gateway.aws_apigatewayv2_api.main",
            "module.api_gateway.aws_apigatewayv2_stage.dev",
            "module.api_gateway_resources_real_time.data.aws_caller_identity.current",
            "module.api_gateway_resources_real_time.data.aws_iam_policy_document.lambda_policy_document",
            "module.api_gateway_resources_real_time.data.aws_region.current",
            "module.sessions_dynamodb.aws_dynamodb_table.users-dynamodb-table"
          ]
        }
      ]
    },
    {
      "module": "module.api_gateway_resources_real_time",
      "mode": "managed",
      "type": "aws_iam_role",
      "name": "lambda_role",
      "provider": "provider[\"registry.terraform.io/hashicorp/aws\"]",
      "instances": [
        {
          "schema_version": 0,
          "attributes": {
            "arn": "arn:aws:iam::233925838033:role/role-celeste-cb-ia-create-dev",
            "assume_role_policy": "{\"Statement\":[{\"Action\":\"sts:AssumeRole\",\"Effect\":\"Allow\",\"Principal\":{\"Service\":\"lambda.amazonaws.com\"}}],\"Version\":\"2012-10-17\"}",
            "create_date": "2024-12-05T19:20:07Z",
            "description": "",
            "force_detach_policies": false,
            "id": "role-celeste-cb-ia-create-dev",
            "inline_policy": [],
            "managed_policy_arns": [],
            "max_session_duration": 3600,
            "name": "role-celeste-cb-ia-create-dev",
            "name_prefix": "",
            "path": "/",
            "permissions_boundary": "",
            "tags": null,
            "tags_all": {
              "iac": "terraform"
            },
            "unique_id": "AROATM5YRATIXT5I7BPOO"
          },
          "sensitive_attributes": [],
          "private": "bnVsbA==",
          "dependencies": [
            "module.api_gateway.aws_apigatewayv2_api.main",
            "module.api_gateway.aws_apigatewayv2_stage.dev",
            "module.sessions_dynamodb.aws_dynamodb_table.users-dynamodb-table"
          ]
        }
      ]
    },
    {
      "module": "module.api_gateway_resources_real_time",
      "mode": "managed",
      "type": "aws_iam_role_policy_attachment",
      "name": "lambda_attachements",
      "provider": "provider[\"registry.terraform.io/hashicorp/aws\"]",
      "instances": [
        {
          "schema_version": 0,
          "attributes": {
            "id": "role-celeste-cb-ia-create-dev-20241205192007955900000002",
            "policy_arn": "arn:aws:iam::233925838033:policy/policy-celeste-cb-ia-create-dev",
            "role": "role-celeste-cb-ia-create-dev"
          },
          "sensitive_attributes": [],
          "private": "bnVsbA==",
          "dependencies": [
            "module.api_gateway.aws_apigatewayv2_api.main",
            "module.api_gateway.aws_apigatewayv2_stage.dev",
            "module.api_gateway_resources_real_time.aws_iam_policy.dynamodb_lambda_policy",
            "module.api_gateway_resources_real_time.aws_iam_role.lambda_role",
            "module.api_gateway_resources_real_time.data.aws_caller_identity.current",
            "module.api_gateway_resources_real_time.data.aws_iam_policy_document.lambda_policy_document",
            "module.api_gateway_resources_real_time.data.aws_region.current",
            "module.sessions_dynamodb.aws_dynamodb_table.users-dynamodb-table"
          ]
        }
      ]
    },
    {
      "module": "module.api_gateway_resources_real_time",
      "mode": "managed",
      "type": "aws_iam_role_policy_attachment",
      "name": "lambda_role_policy",
      "provider": "provider[\"registry.terraform.io/hashicorp/aws\"]",
      "instances": [
        {
          "schema_version": 0,
          "attributes": {
            "id": "role-celeste-cb-ia-create-dev-20241205192007948700000001",
            "policy_arn": "arn:aws:iam::aws:policy/service-role/AWSLambdaBasicExecutionRole",
            "role": "role-celeste-cb-ia-create-dev"
          },
          "sensitive_attributes": [],
          "private": "bnVsbA==",
          "dependencies": [
            "module.api_gateway.aws_apigatewayv2_api.main",
            "module.api_gateway.aws_apigatewayv2_stage.dev",
            "module.api_gateway_resources_real_time.aws_iam_role.lambda_role",
            "module.sessions_dynamodb.aws_dynamodb_table.users-dynamodb-table"
          ]
        }
      ]
    },
    {
      "module": "module.api_gateway_resources_real_time",
      "mode": "managed",
      "type": "aws_lambda_function",
      "name": "html_lambda",
      "provider": "provider[\"registry.terraform.io/hashicorp/aws\"]",
      "instances": [
        {
          "schema_version": 0,
          "attributes": {
            "architectures": [
              "arm64"
            ],
            "arn": "arn:aws:lambda:us-east-1:233925838033:function:lmb-celeste-cb-ia-create-dev",
            "code_sha256": "OtivAzsD9AaB03qP0y8Ei8aVQrnV6TEvmt0lp6dKVAs=",
            "code_signing_config_arn": "",
            "dead_letter_config": [],
            "description": "",
            "environment": [],
            "ephemeral_storage": [
              {
                "size": 512
              }
            ],
            "file_system_config": [],
            "filename": "./resources/core/real-time/index.zip",
            "function_name": "lmb-celeste-cb-ia-create-dev",
            "handler": "index.handler",
            "id": "lmb-celeste-cb-ia-create-dev",
            "image_config": [],
            "image_uri": "",
            "invoke_arn": "arn:aws:apigateway:us-east-1:lambda:path/2015-03-31/functions/arn:aws:lambda:us-east-1:233925838033:function:lmb-celeste-cb-ia-create-dev/invocations",
            "kms_key_arn": "",
            "last_modified": "2024-12-05T19:20:17.228+0000",
            "layers": null,
            "logging_config": [
              {
                "application_log_level": "",
                "log_format": "Text",
                "log_group": "/aws/lambda/lmb-celeste-cb-ia-create-dev",
                "system_log_level": ""
              }
            ],
            "memory_size": 128,
            "package_type": "Zip",
            "publish": false,
            "qualified_arn": "arn:aws:lambda:us-east-1:233925838033:function:lmb-celeste-cb-ia-create-dev:$LATEST",
            "qualified_invoke_arn": "arn:aws:apigateway:us-east-1:lambda:path/2015-03-31/functions/arn:aws:lambda:us-east-1:233925838033:function:lmb-celeste-cb-ia-create-dev:$LATEST/invocations",
            "replace_security_groups_on_destroy": null,
            "replacement_security_group_ids": null,
            "reserved_concurrent_executions": -1,
            "role": "arn:aws:iam::233925838033:role/role-celeste-cb-ia-create-dev",
            "runtime": "nodejs20.x",
            "s3_bucket": null,
            "s3_key": null,
            "s3_object_version": null,
            "signing_job_arn": "",
            "signing_profile_version_arn": "",
            "skip_destroy": false,
            "snap_start": [],
            "source_code_hash": "OtivAzsD9AaB03qP0y8Ei8aVQrnV6TEvmt0lp6dKVAs=",
            "source_code_size": 12668,
            "tags": {
              "component": "celeste-ch",
              "domain": "core",
              "env": "dev"
            },
            "tags_all": {
              "component": "celeste-ch",
              "domain": "core",
              "env": "dev",
              "iac": "terraform"
            },
            "timeout": 30,
            "timeouts": null,
            "tracing_config": [
              {
                "mode": "PassThrough"
              }
            ],
            "version": "$LATEST",
            "vpc_config": []
          },
          "sensitive_attributes": [],
          "private": "eyJlMmJmYjczMC1lY2FhLTExZTYtOGY4OC0zNDM2M2JjN2M0YzAiOnsiY3JlYXRlIjo2MDAwMDAwMDAwMDAsImRlbGV0ZSI6NjAwMDAwMDAwMDAwLCJ1cGRhdGUiOjYwMDAwMDAwMDAwMH19",
          "dependencies": [
            "module.api_gateway.aws_apigatewayv2_api.main",
            "module.api_gateway.aws_apigatewayv2_stage.dev",
            "module.api_gateway_resources_real_time.aws_iam_role.lambda_role",
            "module.api_gateway_resources_real_time.data.archive_file.lambda_package",
            "module.sessions_dynamodb.aws_dynamodb_table.users-dynamodb-table"
          ]
        }
      ]
    },
    {
      "module": "module.api_gateway_resources_real_time",
      "mode": "managed",
      "type": "aws_lambda_permission",
      "name": "api_gw",
      "provider": "provider[\"registry.terraform.io/hashicorp/aws\"]",
      "instances": [
        {
          "schema_version": 0,
          "attributes": {
            "action": "lambda:InvokeFunction",
            "event_source_token": null,
            "function_name": "lmb-celeste-cb-ia-create-dev",
            "function_url_auth_type": null,
            "id": "AllowExecutionFromAPIGateway",
            "principal": "apigateway.amazonaws.com",
            "principal_org_id": null,
            "qualifier": "",
            "source_account": null,
            "source_arn": "arn:aws:execute-api:us-east-1:233925838033:yv4fspz74h/*/*",
            "statement_id": "AllowExecutionFromAPIGateway",
            "statement_id_prefix": ""
          },
          "sensitive_attributes": [],
          "private": "bnVsbA==",
          "dependencies": [
            "module.api_gateway.aws_apigatewayv2_api.main",
            "module.api_gateway.aws_apigatewayv2_stage.dev",
            "module.api_gateway_resources_real_time.aws_iam_role.lambda_role",
            "module.api_gateway_resources_real_time.aws_lambda_function.html_lambda",
            "module.api_gateway_resources_real_time.data.archive_file.lambda_package",
            "module.api_gateway_resources_real_time.data.aws_apigatewayv2_api.selected",
            "module.sessions_dynamodb.aws_dynamodb_table.users-dynamodb-table"
          ]
        }
      ]
    },
    {
      "module": "module.sessions_dynamodb",
      "mode": "managed",
      "type": "aws_dynamodb_table",
      "name": "users-dynamodb-table",
      "provider": "provider[\"registry.terraform.io/hashicorp/aws\"]",
      "instances": [
        {
          "schema_version": 1,
          "attributes": {
            "arn": "arn:aws:dynamodb:us-east-1:233925838033:table/tbl-appma-sessions-dev",
            "attribute": [
              {
                "name": "connectionId",
                "type": "S"
              }
            ],
            "billing_mode": "PAY_PER_REQUEST",
            "deletion_protection_enabled": false,
            "global_secondary_index": [],
            "hash_key": "connectionId",
            "id": "tbl-appma-sessions-dev",
            "import_table": [],
            "local_secondary_index": [],
            "name": "tbl-appma-sessions-dev",
            "on_demand_throughput": [],
            "point_in_time_recovery": [
              {
                "enabled": false
              }
            ],
            "range_key": null,
            "read_capacity": 0,
            "replica": [],
            "restore_date_time": null,
            "restore_source_name": null,
            "restore_source_table_arn": null,
            "restore_to_latest_time": null,
            "server_side_encryption": [],
            "stream_arn": "",
            "stream_enabled": false,
            "stream_label": "",
            "stream_view_type": "",
            "table_class": "STANDARD",
            "tags": {
              "APP_NAME": "appma",
              "ENVIRONMENT": "dev",
              "JTW_SECRET_VALUE": "secret",
              "JWT_TOKEN_LIFE": "1000",
              "LOGGER_LEVEL": "DEBUG",
              "REGION": "us-east-1"
            },
            "tags_all": {
              "APP_NAME": "appma",
              "ENVIRONMENT": "dev",
              "JTW_SECRET_VALUE": "secret",
              "JWT_TOKEN_LIFE": "1000",
              "LOGGER_LEVEL": "DEBUG",
              "REGION": "us-east-1",
              "iac": "terraform"
            },
            "timeouts": null,
            "ttl": [
              {
                "attribute_name": "",
                "enabled": false
              }
            ],
            "write_capacity": 0
          },
          "sensitive_attributes": [],
          "private": "eyJlMmJmYjczMC1lY2FhLTExZTYtOGY4OC0zNDM2M2JjN2M0YzAiOnsiY3JlYXRlIjoxODAwMDAwMDAwMDAwLCJkZWxldGUiOjYwMDAwMDAwMDAwMCwidXBkYXRlIjozNjAwMDAwMDAwMDAwfSwic2NoZW1hX3ZlcnNpb24iOiIxIn0="
        }
      ]
    }
  ],
  "check_results": [
    {
      "object_kind": "var",
      "config_addr": "module.api_gateway.var.domain",
      "status": "unknown",
      "objects": [
        {
          "object_addr": "module.api_gateway.var.domain",
          "status": "unknown"
        }
      ]
    },
    {
      "object_kind": "var",
      "config_addr": "module.sessions_dynamodb.var.env",
      "status": "pass",
      "objects": [
        {
          "object_addr": "module.sessions_dynamodb.var.env",
          "status": "pass"
        }
      ]
    },
    {
      "object_kind": "var",
      "config_addr": "module.api_gateway_resources_real_time.var.env",
      "status": "pass",
      "objects": [
        {
          "object_addr": "module.api_gateway_resources_real_time.var.env",
          "status": "pass"
        }
      ]
    },
    {
      "object_kind": "var",
      "config_addr": "module.api_gateway.var.env",
      "status": "pass",
      "objects": [
        {
          "object_addr": "module.api_gateway.var.env",
          "status": "pass"
        }
      ]
    },
    {
      "object_kind": "var",
      "config_addr": "module.sessions_dynamodb.var.lambda_runtime",
      "status": "unknown",
      "objects": [
        {
          "object_addr": "module.sessions_dynamodb.var.lambda_runtime",
          "status": "unknown"
        }
      ]
    },
    {
      "object_kind": "var",
      "config_addr": "module.api_gateway_resources_real_time.var.lambda_runtime",
      "status": "pass",
      "objects": [
        {
          "object_addr": "module.api_gateway_resources_real_time.var.lambda_runtime",
          "status": "pass"
        }
      ]
    },
    {
      "object_kind": "var",
      "config_addr": "module.sessions_dynamodb.var.domain",
      "status": "unknown",
      "objects": [
        {
          "object_addr": "module.sessions_dynamodb.var.domain",
          "status": "unknown"
        }
      ]
    },
    {
      "object_kind": "var",
      "config_addr": "module.api_gateway_resources_celeste_cb.var.env",
      "status": "pass",
      "objects": [
        {
          "object_addr": "module.api_gateway_resources_celeste_cb.var.env",
          "status": "pass"
        }
      ]
    },
    {
      "object_kind": "var",
      "config_addr": "module.api_gateway_resources_celeste_cb.var.domain",
      "status": "pass",
      "objects": [
        {
          "object_addr": "module.api_gateway_resources_celeste_cb.var.domain",
          "status": "pass"
        }
      ]
    },
    {
      "object_kind": "var",
      "config_addr": "module.api_gateway_resources_celeste_cb.var.lambda_runtime",
      "status": "pass",
      "objects": [
        {
          "object_addr": "module.api_gateway_resources_celeste_cb.var.lambda_runtime",
          "status": "pass"
        }
      ]
    },
    {
      "object_kind": "var",
      "config_addr": "module.api_gateway_resources_real_time.var.domain",
      "status": "pass",
      "objects": [
        {
          "object_addr": "module.api_gateway_resources_real_time.var.domain",
          "status": "pass"
        }
      ]
    }
  ]
}
