{
  "version": 4,
  "terraform_version": "1.9.8",
  "serial": 25,
  "lineage": "acdb8b01-7831-906b-9f21-d0108f3d0e88",
  "outputs": {},
  "resources": [
    {
      "module": "module.api_gateway",
      "mode": "managed",
      "type": "aws_apigatewayv2_api",
      "name": "main",
      "provider": "provider[\"registry.terraform.io/hashicorp/aws\"]",
      "instances": [
        {
          "schema_version": 0,
          "attributes": {
            "api_endpoint": "wss://6ysnzzz455.execute-api.us-east-1.amazonaws.com",
            "api_key_selection_expression": "$request.header.x-api-key",
            "arn": "arn:aws:apigateway:us-east-1::/apis/6ysnzzz455",
            "body": null,
            "cors_configuration": [],
            "credentials_arn": null,
            "description": "api-appma-celeste-dev API Gateway",
            "disable_execute_api_endpoint": false,
            "execution_arn": "arn:aws:execute-api:us-east-1:233925838033:6ysnzzz455",
            "fail_on_warnings": null,
            "id": "6ysnzzz455",
            "name": "api-appma-celeste-dev",
            "protocol_type": "WEBSOCKET",
            "route_key": null,
            "route_selection_expression": "$request.body.action",
            "tags": null,
            "tags_all": {
              "iac": "terraform"
            },
            "target": null,
            "version": ""
          },
          "sensitive_attributes": [],
          "private": "bnVsbA=="
        }
      ]
    },
    {
      "module": "module.api_gateway",
      "mode": "managed",
      "type": "aws_apigatewayv2_stage",
      "name": "dev",
      "provider": "provider[\"registry.terraform.io/hashicorp/aws\"]",
      "instances": [
        {
          "schema_version": 0,
          "attributes": {
            "access_log_settings": [],
            "api_id": "6ysnzzz455",
            "arn": "arn:aws:apigateway:us-east-1::/apis/6ysnzzz455/stages/dev",
            "auto_deploy": true,
            "client_certificate_id": "",
            "default_route_settings": [
              {
                "data_trace_enabled": false,
                "detailed_metrics_enabled": false,
                "logging_level": "OFF",
                "throttling_burst_limit": 50,
                "throttling_rate_limit": 100
              }
            ],
            "deployment_id": "",
            "description": "",
            "execution_arn": "arn:aws:execute-api:us-east-1:233925838033:6ysnzzz455/dev",
            "id": "dev",
            "invoke_url": "wss://6ysnzzz455.execute-api.us-east-1.amazonaws.com/dev",
            "name": "dev",
            "route_settings": [],
            "stage_variables": null,
            "tags": null,
            "tags_all": {
              "iac": "terraform"
            }
          },
          "sensitive_attributes": [],
          "private": "bnVsbA==",
          "dependencies": [
            "module.api_gateway.aws_apigatewayv2_api.main"
          ]
        }
      ]
    },
    {
      "module": "module.api_gateway_resources_real_time",
      "mode": "data",
      "type": "archive_file",
      "name": "lambda_package",
      "provider": "provider[\"registry.terraform.io/hashicorp/archive\"]",
      "instances": [
        {
          "schema_version": 0,
          "attributes": {
            "exclude_symlink_directories": null,
            "excludes": null,
            "id": "e16ebff731d5dcd58f376b0a41e77cfb8424107b",
            "output_base64sha256": "Qg460wsmGUihDbgYELRtSyw//gHNI+CwMgmoQDgK/rI=",
            "output_base64sha512": "3Z9FaOLR2tptbmyjnFv/zEat3soXGDVHsbx1syvctNwuYoXEqi16qTENu/TCuaL4u4IXfcxl5tv4ct22q/oj8Q==",
            "output_file_mode": null,
            "output_md5": "a6950303499921c9a5624642e63bdf01",
            "output_path": "./resources/core/celeste-real-time/index.zip",
            "output_sha": "e16ebff731d5dcd58f376b0a41e77cfb8424107b",
            "output_sha256": "420e3ad30b261948a10db81810b46d4b2c3ffe01cd23e0b03209a840380afeb2",
            "output_sha512": "dd9f4568e2d1dada6d6e6ca39c5bffcc46addeca17183547b1bc75b32bdcb4dc2e6285c4aa2d7aa9310dbbf4c2b9a2f8bb82177dcc65e6dbf872ddb6abfa23f1",
            "output_size": 2560807,
            "source": [],
            "source_content": null,
            "source_content_filename": null,
            "source_dir": "./lambdas/core/celeste-real-time",
            "source_file": null,
            "type": "zip"
          },
          "sensitive_attributes": []
        }
      ]
    },
    {
      "module": "module.api_gateway_resources_real_time",
      "mode": "data",
      "type": "aws_apigatewayv2_api",
      "name": "selected",
      "provider": "provider[\"registry.terraform.io/hashicorp/aws\"]",
      "instances": [
        {
          "schema_version": 0,
          "attributes": {
            "api_endpoint": "wss://6ysnzzz455.execute-api.us-east-1.amazonaws.com",
            "api_id": "6ysnzzz455",
            "api_key_selection_expression": "$request.header.x-api-key",
            "arn": "arn:aws:apigateway:us-east-1::/apis/6ysnzzz455",
            "cors_configuration": [],
            "description": "api-appma-celeste-dev API Gateway",
            "disable_execute_api_endpoint": false,
            "execution_arn": "arn:aws:execute-api:us-east-1:233925838033:6ysnzzz455",
            "id": "6ysnzzz455",
            "name": "api-appma-celeste-dev",
            "protocol_type": "WEBSOCKET",
            "route_selection_expression": "$request.body.action",
            "tags": {
              "iac": "terraform"
            },
            "version": ""
          },
          "sensitive_attributes": []
        }
      ]
    },
    {
      "module": "module.api_gateway_resources_real_time",
      "mode": "data",
      "type": "aws_caller_identity",
      "name": "current",
      "provider": "provider[\"registry.terraform.io/hashicorp/aws\"]",
      "instances": [
        {
          "schema_version": 0,
          "attributes": {
            "account_id": "233925838033",
            "arn": "arn:aws:iam::233925838033:root",
            "id": "233925838033",
            "user_id": "233925838033"
          },
          "sensitive_attributes": []
        }
      ]
    },
    {
      "module": "module.api_gateway_resources_real_time",
      "mode": "data",
      "type": "aws_iam_policy_document",
      "name": "lambda_policy_document",
      "provider": "provider[\"registry.terraform.io/hashicorp/aws\"]",
      "instances": [
        {
          "schema_version": 0,
          "attributes": {
            "id": "4271896557",
            "json": "{\n  \"Version\": \"2012-10-17\",\n  \"Statement\": [\n    {\n      \"Effect\": \"Allow\",\n      \"Action\": [\n        \"dynamodb:Scan\",\n        \"dynamodb:PutItem\",\n        \"dynamodb:GetItem\",\n        \"dynamodb:DeleteItem\"\n      ],\n      \"Resource\": [\n        \"arn:aws:dynamodb:us-east-1:233925838033:table/tbl-appma-users-dev\",\n        \"arn:aws:dynamodb:us-east-1:233925838033:table/tbl-appma-sessions-dev\"\n      ]\n    }\n  ]\n}",
            "minified_json": "{\"Version\":\"2012-10-17\",\"Statement\":[{\"Effect\":\"Allow\",\"Action\":[\"dynamodb:Scan\",\"dynamodb:PutItem\",\"dynamodb:GetItem\",\"dynamodb:DeleteItem\"],\"Resource\":[\"arn:aws:dynamodb:us-east-1:233925838033:table/tbl-appma-users-dev\",\"arn:aws:dynamodb:us-east-1:233925838033:table/tbl-appma-sessions-dev\"]}]}",
            "override_json": null,
            "override_policy_documents": null,
            "policy_id": null,
            "source_json": null,
            "source_policy_documents": null,
            "statement": [
              {
                "actions": [
                  "dynamodb:DeleteItem",
                  "dynamodb:GetItem",
                  "dynamodb:PutItem",
                  "dynamodb:Scan"
                ],
                "condition": [],
                "effect": "Allow",
                "not_actions": [],
                "not_principals": [],
                "not_resources": [],
                "principals": [],
                "resources": [
                  "arn:aws:dynamodb:us-east-1:233925838033:table/tbl-appma-sessions-dev",
                  "arn:aws:dynamodb:us-east-1:233925838033:table/tbl-appma-users-dev"
                ],
                "sid": ""
              }
            ],
            "version": "2012-10-17"
          },
          "sensitive_attributes": []
        }
      ]
    },
    {
      "module": "module.api_gateway_resources_real_time",
      "mode": "data",
      "type": "aws_region",
      "name": "current",
      "provider": "provider[\"registry.terraform.io/hashicorp/aws\"]",
      "instances": [
        {
          "schema_version": 0,
          "attributes": {
            "description": "US East (N. Virginia)",
            "endpoint": "ec2.us-east-1.amazonaws.com",
            "id": "us-east-1",
            "name": "us-east-1"
          },
          "sensitive_attributes": []
        }
      ]
    },
    {
      "module": "module.api_gateway_resources_real_time",
      "mode": "managed",
      "type": "aws_apigatewayv2_integration",
      "name": "lambda_handler",
      "provider": "provider[\"registry.terraform.io/hashicorp/aws\"]",
      "instances": [
        {
          "schema_version": 0,
          "attributes": {
            "api_id": "6ysnzzz455",
            "connection_id": "",
            "connection_type": "INTERNET",
            "content_handling_strategy": "",
            "credentials_arn": "",
            "description": "",
            "id": "7uc6qf6",
            "integration_method": "POST",
            "integration_response_selection_expression": "",
            "integration_subtype": "",
            "integration_type": "AWS_PROXY",
            "integration_uri": "arn:aws:apigateway:us-east-1:lambda:path/2015-03-31/functions/arn:aws:lambda:us-east-1:233925838033:function:lmb-appma-ia-celeste-realtime-dev/invocations",
            "passthrough_behavior": "WHEN_NO_MATCH",
            "payload_format_version": "1.0",
            "request_parameters": null,
            "request_templates": null,
            "response_parameters": [],
            "template_selection_expression": "",
            "timeout_milliseconds": 29000,
            "tls_config": []
          },
          "sensitive_attributes": [],
          "private": "bnVsbA==",
          "dependencies": [
            "module.api_gateway.aws_apigatewayv2_api.main",
            "module.api_gateway.aws_apigatewayv2_stage.dev",
            "module.api_gateway_resources_real_time.aws_iam_role.lambda_role",
            "module.api_gateway_resources_real_time.aws_lambda_function.html_lambda",
            "module.api_gateway_resources_real_time.data.archive_file.lambda_package",
            "module.api_gateway_resources_real_time.data.aws_apigatewayv2_api.selected",
            "module.sessions_dynamodb.aws_dynamodb_table.users-dynamodb-table"
          ]
        }
      ]
    },
    {
      "module": "module.api_gateway_resources_real_time",
      "mode": "managed",
      "type": "aws_apigatewayv2_route",
      "name": "ws_messenger_api_connect_route",
      "provider": "provider[\"registry.terraform.io/hashicorp/aws\"]",
      "instances": [
        {
          "schema_version": 0,
          "attributes": {
            "api_id": "6ysnzzz455",
            "api_key_required": false,
            "authorization_scopes": null,
            "authorization_type": "NONE",
            "authorizer_id": "",
            "id": "f67zmji",
            "model_selection_expression": "",
            "operation_name": "",
            "request_models": null,
            "request_parameter": [],
            "route_key": "$connect",
            "route_response_selection_expression": "",
            "target": "integrations/7uc6qf6"
          },
          "sensitive_attributes": [],
          "private": "bnVsbA==",
          "dependencies": [
            "module.api_gateway.aws_apigatewayv2_api.main",
            "module.api_gateway.aws_apigatewayv2_stage.dev",
            "module.api_gateway_resources_real_time.aws_apigatewayv2_integration.lambda_handler",
            "module.api_gateway_resources_real_time.aws_iam_role.lambda_role",
            "module.api_gateway_resources_real_time.aws_lambda_function.html_lambda",
            "module.api_gateway_resources_real_time.data.archive_file.lambda_package",
            "module.api_gateway_resources_real_time.data.aws_apigatewayv2_api.selected",
            "module.sessions_dynamodb.aws_dynamodb_table.users-dynamodb-table"
          ]
        }
      ]
    },
    {
      "module": "module.api_gateway_resources_real_time",
      "mode": "managed",
      "type": "aws_apigatewayv2_route",
      "name": "ws_messenger_api_default_route",
      "provider": "provider[\"registry.terraform.io/hashicorp/aws\"]",
      "instances": [
        {
          "schema_version": 0,
          "attributes": {
            "api_id": "6ysnzzz455",
            "api_key_required": false,
            "authorization_scopes": null,
            "authorization_type": "NONE",
            "authorizer_id": "",
            "id": "gsvkke2",
            "model_selection_expression": "",
            "operation_name": "",
            "request_models": null,
            "request_parameter": [],
            "route_key": "$default",
            "route_response_selection_expression": "",
            "target": "integrations/7uc6qf6"
          },
          "sensitive_attributes": [],
          "private": "bnVsbA==",
          "dependencies": [
            "module.api_gateway.aws_apigatewayv2_api.main",
            "module.api_gateway.aws_apigatewayv2_stage.dev",
            "module.api_gateway_resources_real_time.aws_apigatewayv2_integration.lambda_handler",
            "module.api_gateway_resources_real_time.aws_iam_role.lambda_role",
            "module.api_gateway_resources_real_time.aws_lambda_function.html_lambda",
            "module.api_gateway_resources_real_time.data.archive_file.lambda_package",
            "module.api_gateway_resources_real_time.data.aws_apigatewayv2_api.selected",
            "module.sessions_dynamodb.aws_dynamodb_table.users-dynamodb-table"
          ]
        }
      ]
    },
    {
      "module": "module.api_gateway_resources_real_time",
      "mode": "managed",
      "type": "aws_apigatewayv2_route",
      "name": "ws_messenger_api_disconnect_route",
      "provider": "provider[\"registry.terraform.io/hashicorp/aws\"]",
      "instances": [
        {
          "schema_version": 0,
          "attributes": {
            "api_id": "6ysnzzz455",
            "api_key_required": false,
            "authorization_scopes": null,
            "authorization_type": "NONE",
            "authorizer_id": "",
            "id": "geprtyt",
            "model_selection_expression": "",
            "operation_name": "",
            "request_models": null,
            "request_parameter": [],
            "route_key": "$disconnect",
            "route_response_selection_expression": "",
            "target": "integrations/7uc6qf6"
          },
          "sensitive_attributes": [],
          "private": "bnVsbA==",
          "dependencies": [
            "module.api_gateway.aws_apigatewayv2_api.main",
            "module.api_gateway.aws_apigatewayv2_stage.dev",
            "module.api_gateway_resources_real_time.aws_apigatewayv2_integration.lambda_handler",
            "module.api_gateway_resources_real_time.aws_iam_role.lambda_role",
            "module.api_gateway_resources_real_time.aws_lambda_function.html_lambda",
            "module.api_gateway_resources_real_time.data.archive_file.lambda_package",
            "module.api_gateway_resources_real_time.data.aws_apigatewayv2_api.selected",
            "module.sessions_dynamodb.aws_dynamodb_table.users-dynamodb-table"
          ]
        }
      ]
    },
    {
      "module": "module.api_gateway_resources_real_time",
      "mode": "managed",
      "type": "aws_apigatewayv2_route",
      "name": "ws_messenger_api_message_route",
      "provider": "provider[\"registry.terraform.io/hashicorp/aws\"]",
      "instances": [
        {
          "schema_version": 0,
          "attributes": {
            "api_id": "6ysnzzz455",
            "api_key_required": false,
            "authorization_scopes": null,
            "authorization_type": "NONE",
            "authorizer_id": "",
            "id": "867opu1",
            "model_selection_expression": "",
            "operation_name": "",
            "request_models": null,
            "request_parameter": [],
            "route_key": "message",
            "route_response_selection_expression": "",
            "target": "integrations/7uc6qf6"
          },
          "sensitive_attributes": [],
          "private": "bnVsbA==",
          "dependencies": [
            "module.api_gateway.aws_apigatewayv2_api.main",
            "module.api_gateway.aws_apigatewayv2_stage.dev",
            "module.api_gateway_resources_real_time.aws_apigatewayv2_integration.lambda_handler",
            "module.api_gateway_resources_real_time.aws_iam_role.lambda_role",
            "module.api_gateway_resources_real_time.aws_lambda_function.html_lambda",
            "module.api_gateway_resources_real_time.data.archive_file.lambda_package",
            "module.api_gateway_resources_real_time.data.aws_apigatewayv2_api.selected",
            "module.sessions_dynamodb.aws_dynamodb_table.users-dynamodb-table"
          ]
        }
      ]
    },
    {
      "module": "module.api_gateway_resources_real_time",
      "mode": "managed",
      "type": "aws_apigatewayv2_route_response",
      "name": "ws_messenger_api_connect_route_response",
      "provider": "provider[\"registry.terraform.io/hashicorp/aws\"]",
      "instances": [
        {
          "schema_version": 0,
          "attributes": {
            "api_id": "6ysnzzz455",
            "id": "2h1a2a",
            "model_selection_expression": "",
            "response_models": null,
            "route_id": "f67zmji",
            "route_response_key": "$default"
          },
          "sensitive_attributes": [],
          "private": "bnVsbA==",
          "dependencies": [
            "module.api_gateway.aws_apigatewayv2_api.main",
            "module.api_gateway.aws_apigatewayv2_stage.dev",
            "module.api_gateway_resources_real_time.aws_apigatewayv2_integration.lambda_handler",
            "module.api_gateway_resources_real_time.aws_apigatewayv2_route.ws_messenger_api_connect_route",
            "module.api_gateway_resources_real_time.aws_iam_role.lambda_role",
            "module.api_gateway_resources_real_time.aws_lambda_function.html_lambda",
            "module.api_gateway_resources_real_time.data.archive_file.lambda_package",
            "module.api_gateway_resources_real_time.data.aws_apigatewayv2_api.selected",
            "module.sessions_dynamodb.aws_dynamodb_table.users-dynamodb-table"
          ]
        }
      ]
    },
    {
      "module": "module.api_gateway_resources_real_time",
      "mode": "managed",
      "type": "aws_apigatewayv2_route_response",
      "name": "ws_messenger_api_default_route_response",
      "provider": "provider[\"registry.terraform.io/hashicorp/aws\"]",
      "instances": [
        {
          "schema_version": 0,
          "attributes": {
            "api_id": "6ysnzzz455",
            "id": "5dzs4f",
            "model_selection_expression": "",
            "response_models": null,
            "route_id": "gsvkke2",
            "route_response_key": "$default"
          },
          "sensitive_attributes": [],
          "private": "bnVsbA==",
          "dependencies": [
            "module.api_gateway.aws_apigatewayv2_api.main",
            "module.api_gateway.aws_apigatewayv2_stage.dev",
            "module.api_gateway_resources_real_time.aws_apigatewayv2_integration.lambda_handler",
            "module.api_gateway_resources_real_time.aws_apigatewayv2_route.ws_messenger_api_default_route",
            "module.api_gateway_resources_real_time.aws_iam_role.lambda_role",
            "module.api_gateway_resources_real_time.aws_lambda_function.html_lambda",
            "module.api_gateway_resources_real_time.data.archive_file.lambda_package",
            "module.api_gateway_resources_real_time.data.aws_apigatewayv2_api.selected",
            "module.sessions_dynamodb.aws_dynamodb_table.users-dynamodb-table"
          ]
        }
      ]
    },
    {
      "module": "module.api_gateway_resources_real_time",
      "mode": "managed",
      "type": "aws_apigatewayv2_route_response",
      "name": "ws_messenger_api_disconnect_route_response",
      "provider": "provider[\"registry.terraform.io/hashicorp/aws\"]",
      "instances": [
        {
          "schema_version": 0,
          "attributes": {
            "api_id": "6ysnzzz455",
            "id": "0pzexs",
            "model_selection_expression": "",
            "response_models": null,
            "route_id": "geprtyt",
            "route_response_key": "$default"
          },
          "sensitive_attributes": [],
          "private": "bnVsbA==",
          "dependencies": [
            "module.api_gateway.aws_apigatewayv2_api.main",
            "module.api_gateway.aws_apigatewayv2_stage.dev",
            "module.api_gateway_resources_real_time.aws_apigatewayv2_integration.lambda_handler",
            "module.api_gateway_resources_real_time.aws_apigatewayv2_route.ws_messenger_api_disconnect_route",
            "module.api_gateway_resources_real_time.aws_iam_role.lambda_role",
            "module.api_gateway_resources_real_time.aws_lambda_function.html_lambda",
            "module.api_gateway_resources_real_time.data.archive_file.lambda_package",
            "module.api_gateway_resources_real_time.data.aws_apigatewayv2_api.selected",
            "module.sessions_dynamodb.aws_dynamodb_table.users-dynamodb-table"
          ]
        }
      ]
    },
    {
      "module": "module.api_gateway_resources_real_time",
      "mode": "managed",
      "type": "aws_apigatewayv2_route_response",
      "name": "ws_messenger_api_message_route_response",
      "provider": "provider[\"registry.terraform.io/hashicorp/aws\"]",
      "instances": [
        {
          "schema_version": 0,
          "attributes": {
            "api_id": "6ysnzzz455",
            "id": "kyimhu",
            "model_selection_expression": "",
            "response_models": null,
            "route_id": "867opu1",
            "route_response_key": "$default"
          },
          "sensitive_attributes": [],
          "private": "bnVsbA==",
          "dependencies": [
            "module.api_gateway.aws_apigatewayv2_api.main",
            "module.api_gateway.aws_apigatewayv2_stage.dev",
            "module.api_gateway_resources_real_time.aws_apigatewayv2_integration.lambda_handler",
            "module.api_gateway_resources_real_time.aws_apigatewayv2_route.ws_messenger_api_message_route",
            "module.api_gateway_resources_real_time.aws_iam_role.lambda_role",
            "module.api_gateway_resources_real_time.aws_lambda_function.html_lambda",
            "module.api_gateway_resources_real_time.data.archive_file.lambda_package",
            "module.api_gateway_resources_real_time.data.aws_apigatewayv2_api.selected",
            "module.sessions_dynamodb.aws_dynamodb_table.users-dynamodb-table"
          ]
        }
      ]
    },
    {
      "module": "module.api_gateway_resources_real_time",
      "mode": "managed",
      "type": "aws_cloudwatch_log_group",
      "name": "html_loggroup_lambda",
      "provider": "provider[\"registry.terraform.io/hashicorp/aws\"]",
      "instances": [
        {
          "schema_version": 0,
          "attributes": {
            "arn": "arn:aws:logs:us-east-1:233925838033:log-group:/aws/lambda/lmb-appma-ia-celeste-realtime-dev",
            "id": "/aws/lambda/lmb-appma-ia-celeste-realtime-dev",
            "kms_key_id": "",
            "log_group_class": "STANDARD",
            "name": "/aws/lambda/lmb-appma-ia-celeste-realtime-dev",
            "name_prefix": "",
            "retention_in_days": 0,
            "skip_destroy": false,
            "tags": null,
            "tags_all": {
              "iac": "terraform"
            }
          },
          "sensitive_attributes": [],
          "private": "bnVsbA==",
          "dependencies": [
            "module.api_gateway.aws_apigatewayv2_api.main",
            "module.api_gateway.aws_apigatewayv2_stage.dev",
            "module.api_gateway_resources_real_time.aws_iam_role.lambda_role",
            "module.api_gateway_resources_real_time.aws_lambda_function.html_lambda",
            "module.api_gateway_resources_real_time.data.archive_file.lambda_package",
            "module.sessions_dynamodb.aws_dynamodb_table.users-dynamodb-table"
          ]
        }
      ]
    },
    {
      "module": "module.api_gateway_resources_real_time",
      "mode": "managed",
      "type": "aws_iam_policy",
      "name": "dynamodb_lambda_policy",
      "provider": "provider[\"registry.terraform.io/hashicorp/aws\"]",
      "instances": [
        {
          "schema_version": 0,
          "attributes": {
            "arn": "arn:aws:iam::233925838033:policy/policy-appma-ia-celeste-realtime-dev",
            "attachment_count": 0,
            "description": "This policy will be used by the lambda to write get data from DynamoDB",
            "id": "arn:aws:iam::233925838033:policy/policy-appma-ia-celeste-realtime-dev",
            "name": "policy-appma-ia-celeste-realtime-dev",
            "name_prefix": "",
            "path": "/",
            "policy": "{\"Statement\":[{\"Action\":[\"dynamodb:Scan\",\"dynamodb:PutItem\",\"dynamodb:GetItem\",\"dynamodb:DeleteItem\"],\"Effect\":\"Allow\",\"Resource\":[\"arn:aws:dynamodb:us-east-1:233925838033:table/tbl-appma-users-dev\",\"arn:aws:dynamodb:us-east-1:233925838033:table/tbl-appma-sessions-dev\"]}],\"Version\":\"2012-10-17\"}",
            "policy_id": "ANPATM5YRATITRPLXJMJ6",
            "tags": null,
            "tags_all": {
              "iac": "terraform"
            }
          },
          "sensitive_attributes": [],
          "private": "bnVsbA==",
          "dependencies": [
            "module.api_gateway.aws_apigatewayv2_api.main",
            "module.api_gateway.aws_apigatewayv2_stage.dev",
            "module.api_gateway_resources_real_time.data.aws_caller_identity.current",
            "module.api_gateway_resources_real_time.data.aws_iam_policy_document.lambda_policy_document",
            "module.api_gateway_resources_real_time.data.aws_region.current",
            "module.sessions_dynamodb.aws_dynamodb_table.users-dynamodb-table"
          ]
        }
      ]
    },
    {
      "module": "module.api_gateway_resources_real_time",
      "mode": "managed",
      "type": "aws_iam_role",
      "name": "lambda_role",
      "provider": "provider[\"registry.terraform.io/hashicorp/aws\"]",
      "instances": [
        {
          "schema_version": 0,
          "attributes": {
            "arn": "arn:aws:iam::233925838033:role/role-appma-ia-celeste-realtime-dev",
            "assume_role_policy": "{\"Statement\":[{\"Action\":\"sts:AssumeRole\",\"Effect\":\"Allow\",\"Principal\":{\"Service\":\"lambda.amazonaws.com\"}}],\"Version\":\"2012-10-17\"}",
            "create_date": "2024-12-06T16:10:56Z",
            "description": "",
            "force_detach_policies": false,
            "id": "role-appma-ia-celeste-realtime-dev",
            "inline_policy": [],
            "managed_policy_arns": [],
            "max_session_duration": 3600,
            "name": "role-appma-ia-celeste-realtime-dev",
            "name_prefix": "",
            "path": "/",
            "permissions_boundary": "",
            "tags": null,
            "tags_all": {
              "iac": "terraform"
            },
            "unique_id": "AROATM5YRATISGJ3UZP7R"
          },
          "sensitive_attributes": [],
          "private": "bnVsbA==",
          "dependencies": [
            "module.api_gateway.aws_apigatewayv2_api.main",
            "module.api_gateway.aws_apigatewayv2_stage.dev",
            "module.sessions_dynamodb.aws_dynamodb_table.users-dynamodb-table"
          ]
        }
      ]
    },
    {
      "module": "module.api_gateway_resources_real_time",
      "mode": "managed",
      "type": "aws_iam_role_policy_attachment",
      "name": "lambda_attachements",
      "provider": "provider[\"registry.terraform.io/hashicorp/aws\"]",
      "instances": [
        {
          "schema_version": 0,
          "attributes": {
            "id": "role-appma-ia-celeste-realtime-dev-20241206161056811500000002",
            "policy_arn": "arn:aws:iam::233925838033:policy/policy-appma-ia-celeste-realtime-dev",
            "role": "role-appma-ia-celeste-realtime-dev"
          },
          "sensitive_attributes": [],
          "private": "bnVsbA==",
          "dependencies": [
            "module.api_gateway.aws_apigatewayv2_api.main",
            "module.api_gateway.aws_apigatewayv2_stage.dev",
            "module.api_gateway_resources_real_time.aws_iam_policy.dynamodb_lambda_policy",
            "module.api_gateway_resources_real_time.aws_iam_role.lambda_role",
            "module.api_gateway_resources_real_time.data.aws_caller_identity.current",
            "module.api_gateway_resources_real_time.data.aws_iam_policy_document.lambda_policy_document",
            "module.api_gateway_resources_real_time.data.aws_region.current",
            "module.sessions_dynamodb.aws_dynamodb_table.users-dynamodb-table"
          ]
        }
      ]
    },
    {
      "module": "module.api_gateway_resources_real_time",
      "mode": "managed",
      "type": "aws_iam_role_policy_attachment",
      "name": "lambda_role_policy",
      "provider": "provider[\"registry.terraform.io/hashicorp/aws\"]",
      "instances": [
        {
          "schema_version": 0,
          "attributes": {
            "id": "role-appma-ia-celeste-realtime-dev-20241206161056785300000001",
            "policy_arn": "arn:aws:iam::aws:policy/service-role/AWSLambdaBasicExecutionRole",
            "role": "role-appma-ia-celeste-realtime-dev"
          },
          "sensitive_attributes": [],
          "private": "bnVsbA==",
          "dependencies": [
            "module.api_gateway.aws_apigatewayv2_api.main",
            "module.api_gateway.aws_apigatewayv2_stage.dev",
            "module.api_gateway_resources_real_time.aws_iam_role.lambda_role",
            "module.sessions_dynamodb.aws_dynamodb_table.users-dynamodb-table"
          ]
        }
      ]
    },
    {
      "module": "module.api_gateway_resources_real_time",
      "mode": "managed",
      "type": "aws_lambda_function",
      "name": "html_lambda",
      "provider": "provider[\"registry.terraform.io/hashicorp/aws\"]",
      "instances": [
        {
          "schema_version": 0,
          "attributes": {
            "architectures": [
              "arm64"
            ],
            "arn": "arn:aws:lambda:us-east-1:233925838033:function:lmb-appma-ia-celeste-realtime-dev",
            "code_sha256": "Qg460wsmGUihDbgYELRtSyw//gHNI+CwMgmoQDgK/rI=",
            "code_signing_config_arn": "",
            "dead_letter_config": [],
            "description": "",
            "environment": [],
            "ephemeral_storage": [
              {
                "size": 512
              }
            ],
            "file_system_config": [],
            "filename": "./resources/core/celeste-real-time/index.zip",
            "function_name": "lmb-appma-ia-celeste-realtime-dev",
            "handler": "index.handler",
            "id": "lmb-appma-ia-celeste-realtime-dev",
            "image_config": [],
            "image_uri": "",
            "invoke_arn": "arn:aws:apigateway:us-east-1:lambda:path/2015-03-31/functions/arn:aws:lambda:us-east-1:233925838033:function:lmb-appma-ia-celeste-realtime-dev/invocations",
            "kms_key_arn": "",
            "last_modified": "2024-12-06T16:11:06.587+0000",
            "layers": null,
            "logging_config": [
              {
                "application_log_level": "",
                "log_format": "Text",
                "log_group": "/aws/lambda/lmb-appma-ia-celeste-realtime-dev",
                "system_log_level": ""
              }
            ],
            "memory_size": 128,
            "package_type": "Zip",
            "publish": false,
            "qualified_arn": "arn:aws:lambda:us-east-1:233925838033:function:lmb-appma-ia-celeste-realtime-dev:$LATEST",
            "qualified_invoke_arn": "arn:aws:apigateway:us-east-1:lambda:path/2015-03-31/functions/arn:aws:lambda:us-east-1:233925838033:function:lmb-appma-ia-celeste-realtime-dev:$LATEST/invocations",
            "replace_security_groups_on_destroy": null,
            "replacement_security_group_ids": null,
            "reserved_concurrent_executions": -1,
            "role": "arn:aws:iam::233925838033:role/role-appma-ia-celeste-realtime-dev",
            "runtime": "nodejs20.x",
            "s3_bucket": null,
            "s3_key": null,
            "s3_object_version": null,
            "signing_job_arn": "",
            "signing_profile_version_arn": "",
            "skip_destroy": false,
            "snap_start": [],
            "source_code_hash": "Qg460wsmGUihDbgYELRtSyw//gHNI+CwMgmoQDgK/rI=",
            "source_code_size": 2560807,
            "tags": {
              "component": "appma",
              "domain": "core",
              "env": "dev"
            },
            "tags_all": {
              "component": "appma",
              "domain": "core",
              "env": "dev",
              "iac": "terraform"
            },
            "timeout": 30,
            "timeouts": null,
            "tracing_config": [
              {
                "mode": "PassThrough"
              }
            ],
            "version": "$LATEST",
            "vpc_config": []
          },
          "sensitive_attributes": [],
          "private": "eyJlMmJmYjczMC1lY2FhLTExZTYtOGY4OC0zNDM2M2JjN2M0YzAiOnsiY3JlYXRlIjo2MDAwMDAwMDAwMDAsImRlbGV0ZSI6NjAwMDAwMDAwMDAwLCJ1cGRhdGUiOjYwMDAwMDAwMDAwMH19",
          "dependencies": [
            "module.api_gateway.aws_apigatewayv2_api.main",
            "module.api_gateway.aws_apigatewayv2_stage.dev",
            "module.api_gateway_resources_real_time.aws_iam_role.lambda_role",
            "module.api_gateway_resources_real_time.data.archive_file.lambda_package",
            "module.sessions_dynamodb.aws_dynamodb_table.users-dynamodb-table"
          ]
        }
      ]
    },
    {
      "module": "module.api_gateway_resources_real_time",
      "mode": "managed",
      "type": "aws_lambda_permission",
      "name": "api_gw",
      "provider": "provider[\"registry.terraform.io/hashicorp/aws\"]",
      "instances": [
        {
          "schema_version": 0,
          "attributes": {
            "action": "lambda:InvokeFunction",
            "event_source_token": null,
            "function_name": "lmb-appma-ia-celeste-realtime-dev",
            "function_url_auth_type": null,
            "id": "AllowExecutionFromAPIGateway",
            "principal": "apigateway.amazonaws.com",
            "principal_org_id": null,
            "qualifier": "",
            "source_account": null,
            "source_arn": "arn:aws:execute-api:us-east-1:233925838033:6ysnzzz455/*/*",
            "statement_id": "AllowExecutionFromAPIGateway",
            "statement_id_prefix": ""
          },
          "sensitive_attributes": [],
          "private": "bnVsbA==",
          "dependencies": [
            "module.api_gateway.aws_apigatewayv2_api.main",
            "module.api_gateway.aws_apigatewayv2_stage.dev",
            "module.api_gateway_resources_real_time.aws_iam_role.lambda_role",
            "module.api_gateway_resources_real_time.aws_lambda_function.html_lambda",
            "module.api_gateway_resources_real_time.data.archive_file.lambda_package",
            "module.api_gateway_resources_real_time.data.aws_apigatewayv2_api.selected",
            "module.sessions_dynamodb.aws_dynamodb_table.users-dynamodb-table"
          ]
        }
      ]
    },
    {
      "module": "module.sessions_dynamodb",
      "mode": "managed",
      "type": "aws_dynamodb_table",
      "name": "users-dynamodb-table",
      "provider": "provider[\"registry.terraform.io/hashicorp/aws\"]",
      "instances": [
        {
          "schema_version": 1,
          "attributes": {
            "arn": "arn:aws:dynamodb:us-east-1:233925838033:table/tbl-appma-sessions-dev",
            "attribute": [
              {
                "name": "connectionId",
                "type": "S"
              }
            ],
            "billing_mode": "PAY_PER_REQUEST",
            "deletion_protection_enabled": false,
            "global_secondary_index": [],
            "hash_key": "connectionId",
            "id": "tbl-appma-sessions-dev",
            "import_table": [],
            "local_secondary_index": [],
            "name": "tbl-appma-sessions-dev",
            "on_demand_throughput": [],
            "point_in_time_recovery": [
              {
                "enabled": false
              }
            ],
            "range_key": null,
            "read_capacity": 0,
            "replica": [],
            "restore_date_time": null,
            "restore_source_name": null,
            "restore_source_table_arn": null,
            "restore_to_latest_time": null,
            "server_side_encryption": [],
            "stream_arn": "",
            "stream_enabled": false,
            "stream_label": "",
            "stream_view_type": "",
            "table_class": "STANDARD",
            "tags": {
              "APP_NAME": "appma",
              "ENVIRONMENT": "dev",
              "JTW_SECRET_VALUE": "secret",
              "JWT_TOKEN_LIFE": "1000",
              "LOGGER_LEVEL": "DEBUG",
              "REGION": "us-east-1"
            },
            "tags_all": {
              "APP_NAME": "appma",
              "ENVIRONMENT": "dev",
              "JTW_SECRET_VALUE": "secret",
              "JWT_TOKEN_LIFE": "1000",
              "LOGGER_LEVEL": "DEBUG",
              "REGION": "us-east-1",
              "iac": "terraform"
            },
            "timeouts": null,
            "ttl": [
              {
                "attribute_name": "",
                "enabled": false
              }
            ],
            "write_capacity": 0
          },
          "sensitive_attributes": [],
          "private": "eyJlMmJmYjczMC1lY2FhLTExZTYtOGY4OC0zNDM2M2JjN2M0YzAiOnsiY3JlYXRlIjoxODAwMDAwMDAwMDAwLCJkZWxldGUiOjYwMDAwMDAwMDAwMCwidXBkYXRlIjozNjAwMDAwMDAwMDAwfSwic2NoZW1hX3ZlcnNpb24iOiIxIn0="
        }
      ]
    }
  ],
  "check_results": [
    {
      "object_kind": "var",
      "config_addr": "module.sessions_dynamodb.var.domain",
      "status": "unknown",
      "objects": [
        {
          "object_addr": "module.sessions_dynamodb.var.domain",
          "status": "unknown"
        }
      ]
    },
    {
      "object_kind": "var",
      "config_addr": "module.sessions_dynamodb.var.lambda_runtime",
      "status": "unknown",
      "objects": [
        {
          "object_addr": "module.sessions_dynamodb.var.lambda_runtime",
          "status": "unknown"
        }
      ]
    },
    {
      "object_kind": "var",
      "config_addr": "module.api_gateway.var.domain",
      "status": "unknown",
      "objects": [
        {
          "object_addr": "module.api_gateway.var.domain",
          "status": "unknown"
        }
      ]
    },
    {
      "object_kind": "var",
      "config_addr": "module.api_gateway.var.env",
      "status": "pass",
      "objects": [
        {
          "object_addr": "module.api_gateway.var.env",
          "status": "pass"
        }
      ]
    },
    {
      "object_kind": "var",
      "config_addr": "module.api_gateway_resources_real_time.var.domain",
      "status": "pass",
      "objects": [
        {
          "object_addr": "module.api_gateway_resources_real_time.var.domain",
          "status": "pass"
        }
      ]
    },
    {
      "object_kind": "var",
      "config_addr": "module.api_gateway_resources_real_time.var.lambda_runtime",
      "status": "pass",
      "objects": [
        {
          "object_addr": "module.api_gateway_resources_real_time.var.lambda_runtime",
          "status": "pass"
        }
      ]
    },
    {
      "object_kind": "var",
      "config_addr": "module.api_gateway_resources_real_time.var.env",
      "status": "pass",
      "objects": [
        {
          "object_addr": "module.api_gateway_resources_real_time.var.env",
          "status": "pass"
        }
      ]
    },
    {
      "object_kind": "var",
      "config_addr": "module.sessions_dynamodb.var.env",
      "status": "pass",
      "objects": [
        {
          "object_addr": "module.sessions_dynamodb.var.env",
          "status": "pass"
        }
      ]
    }
  ]
}
